
Microsoft Visual Studio Solution File, Format Version 12.00
# Visual Studio 14
VisualStudioVersion = 14.0.25420.1
MinimumVisualStudioVersion = 10.0.40219.1
Project("{FAE04EC0-301F-11D3-BF4B-00C04F79EFBC}") = "GUI", "GUI\GUI.csproj", "{40306BCF-7312-4796-AC0C-0F6A4C1C9F8D}"
EndProject
Project("{FAE04EC0-301F-11D3-BF4B-00C04F79EFBC}") = "BUS", "BUS\BUS.csproj", "{14635C11-1EAE-4BD3-BCCA-FCA2C9066A54}"
EndProject
Project("{FAE04EC0-301F-11D3-BF4B-00C04F79EFBC}") = "DAO", "DAO\DAO.csproj", "{12ADD81B-34F2-4139-B12D-555ECB3699C5}"
EndProject
Project("{FAE04EC0-301F-11D3-BF4B-00C04F79EFBC}") = "DTO", "DTO\DTO.csproj", "{B9A22E61-E2AA-4D01-899B-2C17BAE01FC2}"
EndProject
Global
	GlobalSection(SolutionConfigurationPlatforms) = preSolution
		Debug|Any CPU = Debug|Any CPU
		Debug|Mixed Platforms = Debug|Mixed Platforms
		Debug|x86 = Debug|x86
		Release|Any CPU = Release|Any CPU
		Release|Mixed Platforms = Release|Mixed Platforms
		Release|x86 = Release|x86
	EndGlobalSection
	GlobalSection(ProjectConfigurationPlatforms) = postSolution
		{40306BCF-7312-4796-AC0C-0F6A4C1C9F8D}.Debug|Any CPU.ActiveCfg = Debug|x86
		{40306BCF-7312-4796-AC0C-0F6A4C1C9F8D}.Debug|Mixed Platforms.ActiveCfg = Debug|x86
		{40306BCF-7312-4796-AC0C-0F6A4C1C9F8D}.Debug|Mixed Platforms.Build.0 = Debug|x86
		{40306BCF-7312-4796-AC0C-0F6A4C1C9F8D}.Debug|x86.ActiveCfg = Debug|x86
		{40306BCF-7312-4796-AC0C-0F6A4C1C9F8D}.Debug|x86.Build.0 = Debug|x86
		{40306BCF-7312-4796-AC0C-0F6A4C1C9F8D}.Release|Any CPU.ActiveCfg = Release|x86
		{40306BCF-7312-4796-AC0C-0F6A4C1C9F8D}.Release|Mixed Platforms.ActiveCfg = Release|x86
		{40306BCF-7312-4796-AC0C-0F6A4C1C9F8D}.Release|Mixed Platforms.Build.0 = Release|x86
		{40306BCF-7312-4796-AC0C-0F6A4C1C9F8D}.Release|x86.ActiveCfg = Release|x86
		{40306BCF-7312-4796-AC0C-0F6A4C1C9F8D}.Release|x86.Build.0 = Release|x86
		{14635C11-1EAE-4BD3-BCCA-FCA2C9066A54}.Debug|Any CPU.ActiveCfg = Debug|Any CPU
		{14635C11-1EAE-4BD3-BCCA-FCA2C9066A54}.Debug|Any CPU.Build.0 = Debug|Any CPU
		{14635C11-1EAE-4BD3-BCCA-FCA2C9066A54}.Debug|Mixed Platforms.ActiveCfg = Debug|Any CPU
		{14635C11-1EAE-4BD3-BCCA-FCA2C9066A54}.Debug|Mixed Platforms.Build.0 = Debug|Any CPU
		{14635C11-1EAE-4BD3-BCCA-FCA2C9066A54}.Debug|x86.ActiveCfg = Debug|Any CPU
		{14635C11-1EAE-4BD3-BCCA-FCA2C9066A54}.Release|Any CPU.ActiveCfg = Release|Any CPU
		{14635C11-1EAE-4BD3-BCCA-FCA2C9066A54}.Release|Any CPU.Build.0 = Release|Any CPU
		{14635C11-1EAE-4BD3-BCCA-FCA2C9066A54}.Release|Mixed Platforms.ActiveCfg = Release|Any CPU
		{14635C11-1EAE-4BD3-BCCA-FCA2C9066A54}.Release|Mixed Platforms.Build.0 = Release|Any CPU
		{14635C11-1EAE-4BD3-BCCA-FCA2C9066A54}.Release|x86.ActiveCfg = Release|Any CPU
		{12ADD81B-34F2-4139-B12D-555ECB3699C5}.Debug|Any CPU.ActiveCfg = Debug|Any CPU
		{12ADD81B-34F2-4139-B12D-555ECB3699C5}.Debug|Any CPU.Build.0 = Debug|Any CPU
		{12ADD81B-34F2-4139-B12D-555ECB3699C5}.Debug|Mixed Platforms.ActiveCfg = Debug|Any CPU
		{12ADD81B-34F2-4139-B12D-555ECB3699C5}.Debug|Mixed Platforms.Build.0 = Debug|Any CPU
		{12ADD81B-34F2-4139-B12D-555ECB3699C5}.Debug|x86.ActiveCfg = Debug|Any CPU
		{12ADD81B-34F2-4139-B12D-555ECB3699C5}.Release|Any CPU.ActiveCfg = Release|Any CPU
		{12ADD81B-34F2-4139-B12D-555ECB3699C5}.Release|Any CPU.Build.0 = Release|Any CPU
		{12ADD81B-34F2-4139-B12D-555ECB3699C5}.Release|Mixed Platforms.ActiveCfg = Release|Any CPU
		{12ADD81B-34F2-4139-B12D-555ECB3699C5}.Release|Mixed Platforms.Build.0 = Release|Any CPU
		{12ADD81B-34F2-4139-B12D-555ECB3699C5}.Release|x86.ActiveCfg = Release|Any CPU
		{B9A22E61-E2AA-4D01-899B-2C17BAE01FC2}.Debug|Any CPU.ActiveCfg = Debug|Any CPU
		{B9A22E61-E2AA-4D01-899B-2C17BAE01FC2}.Debug|Any CPU.Build.0 = Debug|Any CPU
		{B9A22E61-E2AA-4D01-899B-2C17BAE01FC2}.Debug|Mixed Platforms.ActiveCfg = Debug|Any CPU
		{B9A22E61-E2AA-4D01-899B-2C17BAE01FC2}.Debug|Mixed Platforms.Build.0 = Debug|Any CPU
		{B9A22E61-E2AA-4D01-899B-2C17BAE01FC2}.Debug|x86.ActiveCfg = Debug|Any CPU
		{B9A22E61-E2AA-4D01-899B-2C17BAE01FC2}.Release|Any CPU.ActiveCfg = Release|Any CPU
		{B9A22E61-E2AA-4D01-899B-2C17BAE01FC2}.Release|Any CPU.Build.0 = Release|Any CPU
		{B9A22E61-E2AA-4D01-899B-2C17BAE01FC2}.Release|Mixed Platforms.ActiveCfg = Release|Any CPU
		{B9A22E61-E2AA-4D01-899B-2C17BAE01FC2}.Release|Mixed Platforms.Build.0 = Release|Any CPU
		{B9A22E61-E2AA-4D01-899B-2C17BAE01FC2}.Release|x86.ActiveCfg = Release|Any CPU
	EndGlobalSection
	GlobalSection(SolutionProperties) = preSolution
		HideSolutionNode = FALSE
	EndGlobalSection
EndGlobal
